
Microsoft Visual Studio Solution File, Format Version 12.00
# Visual Studio Version 17
VisualStudioVersion = 17.14.37203.1
MinimumVisualStudioVersion = 10.0.40219.1
Project("{FAE04EC0-301F-11D3-BF4B-00C04F79EFBC}") = "EasyLog", "EasyLog\EasyLog.csproj", "{92E62EC0-02EE-DDAE-1303-CF4A98C28A92}"
EndProject
Project("{FAE04EC0-301F-11D3-BF4B-00C04F79EFBC}") = "EasySave.Models", "EasySave.Models\EasySave.Models.csproj", "{A2B3C4D5-E6F7-8901-BCDE-F23456789012}"
EndProject
Project("{FAE04EC0-301F-11D3-BF4B-00C04F79EFBC}") = "EasySave.ViewModels", "EasySave.ViewModels\EasySave.ViewModels.csproj", "{B3C4D5E6-F7A8-9012-CDEF-345678901234}"
EndProject
Project("{FAE04EC0-301F-11D3-BF4B-00C04F79EFBC}") = "EasySave.Console", "EasySave.Console\EasySave.Console.csproj", "{C4D5E6F7-A8B9-0123-DEF4-456789012345}"
EndProject
Global
	GlobalSection(SolutionConfigurationPlatforms) = preSolution
		Debug|Any CPU = Debug|Any CPU
		Release|Any CPU = Release|Any CPU
	EndGlobalSection
	GlobalSection(ProjectConfigurationPlatforms) = postSolution
		{92E62EC0-02EE-DDAE-1303-CF4A98C28A92}.Debug|Any CPU.ActiveCfg = Debug|Any CPU
		{92E62EC0-02EE-DDAE-1303-CF4A98C28A92}.Debug|Any CPU.Build.0 = Debug|Any CPU
		{92E62EC0-02EE-DDAE-1303-CF4A98C28A92}.Release|Any CPU.ActiveCfg = Release|Any CPU
		{92E62EC0-02EE-DDAE-1303-CF4A98C28A92}.Release|Any CPU.Build.0 = Release|Any CPU
		{A2B3C4D5-E6F7-8901-BCDE-F23456789012}.Debug|Any CPU.ActiveCfg = Debug|Any CPU
		{A2B3C4D5-E6F7-8901-BCDE-F23456789012}.Debug|Any CPU.Build.0 = Debug|Any CPU
		{A2B3C4D5-E6F7-8901-BCDE-F23456789012}.Release|Any CPU.ActiveCfg = Release|Any CPU
		{A2B3C4D5-E6F7-8901-BCDE-F23456789012}.Release|Any CPU.Build.0 = Release|Any CPU
		{B3C4D5E6-F7A8-9012-CDEF-345678901234}.Debug|Any CPU.ActiveCfg = Debug|Any CPU
		{B3C4D5E6-F7A8-9012-CDEF-345678901234}.Debug|Any CPU.Build.0 = Debug|Any CPU
		{B3C4D5E6-F7A8-9012-CDEF-345678901234}.Release|Any CPU.ActiveCfg = Release|Any CPU
		{B3C4D5E6-F7A8-9012-CDEF-345678901234}.Release|Any CPU.Build.0 = Release|Any CPU
		{C4D5E6F7-A8B9-0123-DEF4-456789012345}.Debug|Any CPU.ActiveCfg = Debug|Any CPU
		{C4D5E6F7-A8B9-0123-DEF4-456789012345}.Debug|Any CPU.Build.0 = Debug|Any CPU
		{C4D5E6F7-A8B9-0123-DEF4-456789012345}.Release|Any CPU.ActiveCfg = Release|Any CPU
		{C4D5E6F7-A8B9-0123-DEF4-456789012345}.Release|Any CPU.Build.0 = Release|Any CPU
	EndGlobalSection
	GlobalSection(SolutionProperties) = preSolution
		HideSolutionNode = FALSE
	EndGlobalSection
	GlobalSection(ExtensibilityGlobals) = postSolution
		SolutionGuid = {72162335-AC62-4876-AEF3-DA92A98322B4}
	EndGlobalSection
EndGlobal
