
Microsoft Visual Studio Solution File, Format Version 12.00
# Visual Studio Version 17
VisualStudioVersion = 17.14.37203.1
MinimumVisualStudioVersion = 10.0.40219.1
Project("{FAE04EC0-301F-11D3-BF4B-00C04F79EFBC}") = "EasyLog", "EasyLog\EasyLog.csproj", "{92E62EC0-02EE-DDAE-1303-CF4A98C28A92}"
EndProject
Project("{FAE04EC0-301F-11D3-BF4B-00C04F79EFBC}") = "EasySave.Models", "EasySave.Models\EasySave.Models.csproj", "{A2B3C4D5-E6F7-8901-BCDE-F23456789012}"
EndProject
Project("{FAE04EC0-301F-11D3-BF4B-00C04F79EFBC}") = "EasySave.ViewModels", "EasySave.ViewModels\EasySave.ViewModels.csproj", "{B3C4D5E6-F7A8-9012-CDEF-345678901234}"
EndProject
Project("{FAE04EC0-301F-11D3-BF4B-00C04F79EFBC}") = "EasySave.Views.Console", "EasySave.Views.Console\EasySave.Views.Console.csproj", "{D5E6F7A8-B9C0-1234-EF56-789012345678}"
EndProject
Project("{FAE04EC0-301F-11D3-BF4B-00C04F79EFBC}") = "EasySave.Views.WPF", "EasySave.Views.WPF\EasySave.Views.WPF.csproj", "{E6F7A8B9-C0D1-2345-F678-901234567890}"
EndProject
Project("{FAE04EC0-301F-11D3-BF4B-00C04F79EFBC}") = "CryptoSoft", "CryptoSoft\CryptoSoft.csproj", "{DBA7441D-B738-4F69-841E-7D30A2E369BC}"
EndProject
Project("{FAE04EC0-301F-11D3-BF4B-00C04F79EFBC}") = "EasySave.Tests", "EasySave.Tests\EasySave.Tests.csproj", "{32E6D88E-FA1A-45BC-BD9C-3E13953FBD34}"
EndProject
Global
	GlobalSection(SolutionConfigurationPlatforms) = preSolution
		Debug|Any CPU = Debug|Any CPU
		Release|Any CPU = Release|Any CPU
	EndGlobalSection
	GlobalSection(ProjectConfigurationPlatforms) = postSolution
		{92E62EC0-02EE-DDAE-1303-CF4A98C28A92}.Debug|Any CPU.ActiveCfg = Debug|Any CPU
		{92E62EC0-02EE-DDAE-1303-CF4A98C28A92}.Debug|Any CPU.Build.0 = Debug|Any CPU
		{92E62EC0-02EE-DDAE-1303-CF4A98C28A92}.Release|Any CPU.ActiveCfg = Release|Any CPU
		{92E62EC0-02EE-DDAE-1303-CF4A98C28A92}.Release|Any CPU.Build.0 = Release|Any CPU
		{A2B3C4D5-E6F7-8901-BCDE-F23456789012}.Debug|Any CPU.ActiveCfg = Debug|Any CPU
		{A2B3C4D5-E6F7-8901-BCDE-F23456789012}.Debug|Any CPU.Build.0 = Debug|Any CPU
		{A2B3C4D5-E6F7-8901-BCDE-F23456789012}.Release|Any CPU.ActiveCfg = Release|Any CPU
		{A2B3C4D5-E6F7-8901-BCDE-F23456789012}.Release|Any CPU.Build.0 = Release|Any CPU
		{B3C4D5E6-F7A8-9012-CDEF-345678901234}.Debug|Any CPU.ActiveCfg = Debug|Any CPU
		{B3C4D5E6-F7A8-9012-CDEF-345678901234}.Debug|Any CPU.Build.0 = Debug|Any CPU
		{B3C4D5E6-F7A8-9012-CDEF-345678901234}.Release|Any CPU.ActiveCfg = Release|Any CPU
		{B3C4D5E6-F7A8-9012-CDEF-345678901234}.Release|Any CPU.Build.0 = Release|Any CPU
		{D5E6F7A8-B9C0-1234-EF56-789012345678}.Debug|Any CPU.ActiveCfg = Debug|Any CPU
		{D5E6F7A8-B9C0-1234-EF56-789012345678}.Debug|Any CPU.Build.0 = Debug|Any CPU
		{D5E6F7A8-B9C0-1234-EF56-789012345678}.Release|Any CPU.ActiveCfg = Release|Any CPU
		{D5E6F7A8-B9C0-1234-EF56-789012345678}.Release|Any CPU.Build.0 = Release|Any CPU
		{E6F7A8B9-C0D1-2345-F678-901234567890}.Debug|Any CPU.ActiveCfg = Debug|Any CPU
		{E6F7A8B9-C0D1-2345-F678-901234567890}.Debug|Any CPU.Build.0 = Debug|Any CPU
		{E6F7A8B9-C0D1-2345-F678-901234567890}.Release|Any CPU.ActiveCfg = Release|Any CPU
		{E6F7A8B9-C0D1-2345-F678-901234567890}.Release|Any CPU.Build.0 = Release|Any CPU
		{DBA7441D-B738-4F69-841E-7D30A2E369BC}.Debug|Any CPU.ActiveCfg = Debug|Any CPU
		{DBA7441D-B738-4F69-841E-7D30A2E369BC}.Debug|Any CPU.Build.0 = Debug|Any CPU
		{DBA7441D-B738-4F69-841E-7D30A2E369BC}.Release|Any CPU.ActiveCfg = Release|Any CPU
		{DBA7441D-B738-4F69-841E-7D30A2E369BC}.Release|Any CPU.Build.0 = Release|Any CPU
		{32E6D88E-FA1A-45BC-BD9C-3E13953FBD34}.Debug|Any CPU.ActiveCfg = Debug|Any CPU
		{32E6D88E-FA1A-45BC-BD9C-3E13953FBD34}.Debug|Any CPU.Build.0 = Debug|Any CPU
		{32E6D88E-FA1A-45BC-BD9C-3E13953FBD34}.Release|Any CPU.ActiveCfg = Release|Any CPU
		{32E6D88E-FA1A-45BC-BD9C-3E13953FBD34}.Release|Any CPU.Build.0 = Release|Any CPU
	EndGlobalSection
	GlobalSection(SolutionProperties) = preSolution
		HideSolutionNode = FALSE
	EndGlobalSection
	GlobalSection(ExtensibilityGlobals) = postSolution
		SolutionGuid = {72162335-AC62-4876-AEF3-DA92A98322B4}
	EndGlobalSection
EndGlobal
